
Microsoft Visual Studio Solution File, Format Version 12.00
# Visual Studio Version 16
VisualStudioVersion = 16.0.30114.105
MinimumVisualStudioVersion = 10.0.40219.1
Project("{2150E333-8FDC-42A3-9474-1A3956D46DE8}") = "src", "src", "{A8C09246-2F9C-4ED6-A550-66C2CBE8C016}"
EndProject
Project("{FAE04EC0-301F-11D3-BF4B-00C04F79EFBC}") = "CommandAPI", "src\CommandAPI\CommandAPI.csproj", "{479744E5-0ECB-49DB-B83F-64DD29B6F592}"
EndProject
Project("{2150E333-8FDC-42A3-9474-1A3956D46DE8}") = "test", "test", "{AD2E62FA-3CD9-41FD-AB20-62581507F324}"
EndProject
Project("{FAE04EC0-301F-11D3-BF4B-00C04F79EFBC}") = "CommandAPI.Tests", "test\CommandAPI.Tests\CommandAPI.Tests.csproj", "{8A305FF7-2BB0-4356-9289-39D6F15DC7BD}"
EndProject
Global
	GlobalSection(SolutionConfigurationPlatforms) = preSolution
		Debug|Any CPU = Debug|Any CPU
		Debug|x64 = Debug|x64
		Debug|x86 = Debug|x86
		Release|Any CPU = Release|Any CPU
		Release|x64 = Release|x64
		Release|x86 = Release|x86
	EndGlobalSection
	GlobalSection(SolutionProperties) = preSolution
		HideSolutionNode = FALSE
	EndGlobalSection
	GlobalSection(ProjectConfigurationPlatforms) = postSolution
		{479744E5-0ECB-49DB-B83F-64DD29B6F592}.Debug|Any CPU.ActiveCfg = Debug|Any CPU
		{479744E5-0ECB-49DB-B83F-64DD29B6F592}.Debug|Any CPU.Build.0 = Debug|Any CPU
		{479744E5-0ECB-49DB-B83F-64DD29B6F592}.Debug|x64.ActiveCfg = Debug|Any CPU
		{479744E5-0ECB-49DB-B83F-64DD29B6F592}.Debug|x64.Build.0 = Debug|Any CPU
		{479744E5-0ECB-49DB-B83F-64DD29B6F592}.Debug|x86.ActiveCfg = Debug|Any CPU
		{479744E5-0ECB-49DB-B83F-64DD29B6F592}.Debug|x86.Build.0 = Debug|Any CPU
		{479744E5-0ECB-49DB-B83F-64DD29B6F592}.Release|Any CPU.ActiveCfg = Release|Any CPU
		{479744E5-0ECB-49DB-B83F-64DD29B6F592}.Release|Any CPU.Build.0 = Release|Any CPU
		{479744E5-0ECB-49DB-B83F-64DD29B6F592}.Release|x64.ActiveCfg = Release|Any CPU
		{479744E5-0ECB-49DB-B83F-64DD29B6F592}.Release|x64.Build.0 = Release|Any CPU
		{479744E5-0ECB-49DB-B83F-64DD29B6F592}.Release|x86.ActiveCfg = Release|Any CPU
		{479744E5-0ECB-49DB-B83F-64DD29B6F592}.Release|x86.Build.0 = Release|Any CPU
		{8A305FF7-2BB0-4356-9289-39D6F15DC7BD}.Debug|Any CPU.ActiveCfg = Debug|Any CPU
		{8A305FF7-2BB0-4356-9289-39D6F15DC7BD}.Debug|Any CPU.Build.0 = Debug|Any CPU
		{8A305FF7-2BB0-4356-9289-39D6F15DC7BD}.Debug|x64.ActiveCfg = Debug|Any CPU
		{8A305FF7-2BB0-4356-9289-39D6F15DC7BD}.Debug|x64.Build.0 = Debug|Any CPU
		{8A305FF7-2BB0-4356-9289-39D6F15DC7BD}.Debug|x86.ActiveCfg = Debug|Any CPU
		{8A305FF7-2BB0-4356-9289-39D6F15DC7BD}.Debug|x86.Build.0 = Debug|Any CPU
		{8A305FF7-2BB0-4356-9289-39D6F15DC7BD}.Release|Any CPU.ActiveCfg = Release|Any CPU
		{8A305FF7-2BB0-4356-9289-39D6F15DC7BD}.Release|Any CPU.Build.0 = Release|Any CPU
		{8A305FF7-2BB0-4356-9289-39D6F15DC7BD}.Release|x64.ActiveCfg = Release|Any CPU
		{8A305FF7-2BB0-4356-9289-39D6F15DC7BD}.Release|x64.Build.0 = Release|Any CPU
		{8A305FF7-2BB0-4356-9289-39D6F15DC7BD}.Release|x86.ActiveCfg = Release|Any CPU
		{8A305FF7-2BB0-4356-9289-39D6F15DC7BD}.Release|x86.Build.0 = Release|Any CPU
	EndGlobalSection
	GlobalSection(NestedProjects) = preSolution
		{479744E5-0ECB-49DB-B83F-64DD29B6F592} = {A8C09246-2F9C-4ED6-A550-66C2CBE8C016}
		{8A305FF7-2BB0-4356-9289-39D6F15DC7BD} = {AD2E62FA-3CD9-41FD-AB20-62581507F324}
	EndGlobalSection
EndGlobal
